
Microsoft Visual Studio Solution File, Format Version 11.00
# Visual Studio 2010
Project("{FAE04EC0-301F-11D3-BF4B-00C04F79EFBC}") = "CrivoEratostenes.Tests", "CrivoEratostenes.Tests\CrivoEratostenes.Tests.csproj", "{F9EDA1C4-DCF5-48C4-96A1-4B3611A6E4C5}"
EndProject
Project("{FAE04EC0-301F-11D3-BF4B-00C04F79EFBC}") = "CrivoEratostenes.UI", "CrivoEratostenes.UI\CrivoEratostenes.UI.csproj", "{03AD5983-CA5D-40AB-841D-80E9E37FA329}"
EndProject
Global
	GlobalSection(SolutionConfigurationPlatforms) = preSolution
		Debug|Any CPU = Debug|Any CPU
		Debug|Mixed Platforms = Debug|Mixed Platforms
		Debug|x86 = Debug|x86
		Release|Any CPU = Release|Any CPU
		Release|Mixed Platforms = Release|Mixed Platforms
		Release|x86 = Release|x86
	EndGlobalSection
	GlobalSection(ProjectConfigurationPlatforms) = postSolution
		{F9EDA1C4-DCF5-48C4-96A1-4B3611A6E4C5}.Debug|Any CPU.ActiveCfg = Debug|Any CPU
		{F9EDA1C4-DCF5-48C4-96A1-4B3611A6E4C5}.Debug|Any CPU.Build.0 = Debug|Any CPU
		{F9EDA1C4-DCF5-48C4-96A1-4B3611A6E4C5}.Debug|Mixed Platforms.ActiveCfg = Debug|Any CPU
		{F9EDA1C4-DCF5-48C4-96A1-4B3611A6E4C5}.Debug|Mixed Platforms.Build.0 = Debug|Any CPU
		{F9EDA1C4-DCF5-48C4-96A1-4B3611A6E4C5}.Debug|x86.ActiveCfg = Debug|Any CPU
		{F9EDA1C4-DCF5-48C4-96A1-4B3611A6E4C5}.Release|Any CPU.ActiveCfg = Release|Any CPU
		{F9EDA1C4-DCF5-48C4-96A1-4B3611A6E4C5}.Release|Any CPU.Build.0 = Release|Any CPU
		{F9EDA1C4-DCF5-48C4-96A1-4B3611A6E4C5}.Release|Mixed Platforms.ActiveCfg = Release|Any CPU
		{F9EDA1C4-DCF5-48C4-96A1-4B3611A6E4C5}.Release|Mixed Platforms.Build.0 = Release|Any CPU
		{F9EDA1C4-DCF5-48C4-96A1-4B3611A6E4C5}.Release|x86.ActiveCfg = Release|Any CPU
		{03AD5983-CA5D-40AB-841D-80E9E37FA329}.Debug|Any CPU.ActiveCfg = Debug|x86
		{03AD5983-CA5D-40AB-841D-80E9E37FA329}.Debug|Mixed Platforms.ActiveCfg = Debug|x86
		{03AD5983-CA5D-40AB-841D-80E9E37FA329}.Debug|Mixed Platforms.Build.0 = Debug|x86
		{03AD5983-CA5D-40AB-841D-80E9E37FA329}.Debug|x86.ActiveCfg = Debug|x86
		{03AD5983-CA5D-40AB-841D-80E9E37FA329}.Debug|x86.Build.0 = Debug|x86
		{03AD5983-CA5D-40AB-841D-80E9E37FA329}.Release|Any CPU.ActiveCfg = Release|x86
		{03AD5983-CA5D-40AB-841D-80E9E37FA329}.Release|Mixed Platforms.ActiveCfg = Release|x86
		{03AD5983-CA5D-40AB-841D-80E9E37FA329}.Release|Mixed Platforms.Build.0 = Release|x86
		{03AD5983-CA5D-40AB-841D-80E9E37FA329}.Release|x86.ActiveCfg = Release|x86
		{03AD5983-CA5D-40AB-841D-80E9E37FA329}.Release|x86.Build.0 = Release|x86
	EndGlobalSection
	GlobalSection(SolutionProperties) = preSolution
		HideSolutionNode = FALSE
	EndGlobalSection
EndGlobal
